
Microsoft Visual Studio Solution File, Format Version 12.00
# Visual Studio 14
VisualStudioVersion = 14.0.25420.1
MinimumVisualStudioVersion = 10.0.40219.1
Project("{8BB2217D-0F2D-49D1-97BC-3654ED321F3B}") = "Rambler.Web", "src\web\Rambler.Web.xproj", "{678F9AB6-8BE1-4A77-BC1B-1FD1FF48D4DD}"
EndProject
Project("{2150E333-8FDC-42A3-9474-1A3956D46DE8}") = "Documents", "Documents", "{5A22EB54-7799-47F0-8C48-363D5A3C4FE0}"
	ProjectSection(SolutionItems) = preProject
		global.json = global.json
		readme.md = readme.md
	EndProjectSection
EndProject
Global
	GlobalSection(SolutionConfigurationPlatforms) = preSolution
		Debug|Any CPU = Debug|Any CPU
		Release|Any CPU = Release|Any CPU
	EndGlobalSection
	GlobalSection(ProjectConfigurationPlatforms) = postSolution
		{678F9AB6-8BE1-4A77-BC1B-1FD1FF48D4DD}.Debug|Any CPU.ActiveCfg = Debug|Any CPU
		{678F9AB6-8BE1-4A77-BC1B-1FD1FF48D4DD}.Debug|Any CPU.Build.0 = Debug|Any CPU
		{678F9AB6-8BE1-4A77-BC1B-1FD1FF48D4DD}.Release|Any CPU.ActiveCfg = Release|Any CPU
		{678F9AB6-8BE1-4A77-BC1B-1FD1FF48D4DD}.Release|Any CPU.Build.0 = Release|Any CPU
	EndGlobalSection
	GlobalSection(SolutionProperties) = preSolution
		HideSolutionNode = FALSE
	EndGlobalSection
EndGlobal
