
Microsoft Visual Studio Solution File, Format Version 12.00
# Visual Studio Version 16
VisualStudioVersion = 16.0.29806.167
MinimumVisualStudioVersion = 10.0.40219.1
Project("{2150E333-8FDC-42A3-9474-1A3956D46DE8}") = "Documents", "Documents", "{5A22EB54-7799-47F0-8C48-363D5A3C4FE0}"
	ProjectSection(SolutionItems) = preProject
		.gitignore = .gitignore
		Jenkinsfile = Jenkinsfile
		Docs\rambler chat architecture.xml = Docs\rambler chat architecture.xml
		readme.md = readme.md
	EndProjectSection
EndProject
Project("{9A19103F-16F7-4668-BE54-9A1E7A4F7556}") = "Rambler.Web", "Rambler.Web\Rambler.Web.csproj", "{8BE018FD-720F-4C0B-B8DC-68BE0E8DD6FF}"
EndProject
Project("{9A19103F-16F7-4668-BE54-9A1E7A4F7556}") = "Rambler.Data", "Rambler.Data\Rambler.Data.csproj", "{ED08B80A-2243-4FF5-AA93-CD9638B0820B}"
EndProject
Project("{9A19103F-16F7-4668-BE54-9A1E7A4F7556}") = "Rambler.Models", "Rambler.Models\Rambler.Models.csproj", "{CBE4216D-ECA9-4550-8E04-EBCBBB73B02B}"
EndProject
Project("{9A19103F-16F7-4668-BE54-9A1E7A4F7556}") = "Rambler.Services", "Rambler.Services\Rambler.Services.csproj", "{EDF2A804-49E8-4751-A7BF-131738D33FB1}"
EndProject
Project("{9A19103F-16F7-4668-BE54-9A1E7A4F7556}") = "Rambler.Test", "Rambler.Test\Rambler.Test.csproj", "{FABFDC1D-AE69-4F87-A323-A939BE70A5FA}"
EndProject
Global
	GlobalSection(SolutionConfigurationPlatforms) = preSolution
		Debug|Any CPU = Debug|Any CPU
		Release|Any CPU = Release|Any CPU
	EndGlobalSection
	GlobalSection(ProjectConfigurationPlatforms) = postSolution
		{8BE018FD-720F-4C0B-B8DC-68BE0E8DD6FF}.Debug|Any CPU.ActiveCfg = Debug|Any CPU
		{8BE018FD-720F-4C0B-B8DC-68BE0E8DD6FF}.Debug|Any CPU.Build.0 = Debug|Any CPU
		{8BE018FD-720F-4C0B-B8DC-68BE0E8DD6FF}.Release|Any CPU.ActiveCfg = Release|Any CPU
		{8BE018FD-720F-4C0B-B8DC-68BE0E8DD6FF}.Release|Any CPU.Build.0 = Release|Any CPU
		{ED08B80A-2243-4FF5-AA93-CD9638B0820B}.Debug|Any CPU.ActiveCfg = Debug|Any CPU
		{ED08B80A-2243-4FF5-AA93-CD9638B0820B}.Debug|Any CPU.Build.0 = Debug|Any CPU
		{ED08B80A-2243-4FF5-AA93-CD9638B0820B}.Release|Any CPU.ActiveCfg = Release|Any CPU
		{ED08B80A-2243-4FF5-AA93-CD9638B0820B}.Release|Any CPU.Build.0 = Release|Any CPU
		{CBE4216D-ECA9-4550-8E04-EBCBBB73B02B}.Debug|Any CPU.ActiveCfg = Debug|Any CPU
		{CBE4216D-ECA9-4550-8E04-EBCBBB73B02B}.Debug|Any CPU.Build.0 = Debug|Any CPU
		{CBE4216D-ECA9-4550-8E04-EBCBBB73B02B}.Release|Any CPU.ActiveCfg = Release|Any CPU
		{CBE4216D-ECA9-4550-8E04-EBCBBB73B02B}.Release|Any CPU.Build.0 = Release|Any CPU
		{EDF2A804-49E8-4751-A7BF-131738D33FB1}.Debug|Any CPU.ActiveCfg = Debug|Any CPU
		{EDF2A804-49E8-4751-A7BF-131738D33FB1}.Debug|Any CPU.Build.0 = Debug|Any CPU
		{EDF2A804-49E8-4751-A7BF-131738D33FB1}.Release|Any CPU.ActiveCfg = Release|Any CPU
		{EDF2A804-49E8-4751-A7BF-131738D33FB1}.Release|Any CPU.Build.0 = Release|Any CPU
		{FABFDC1D-AE69-4F87-A323-A939BE70A5FA}.Debug|Any CPU.ActiveCfg = Debug|Any CPU
		{FABFDC1D-AE69-4F87-A323-A939BE70A5FA}.Debug|Any CPU.Build.0 = Debug|Any CPU
		{FABFDC1D-AE69-4F87-A323-A939BE70A5FA}.Release|Any CPU.ActiveCfg = Release|Any CPU
	EndGlobalSection
	GlobalSection(SolutionProperties) = preSolution
		HideSolutionNode = FALSE
	EndGlobalSection
	GlobalSection(ExtensibilityGlobals) = postSolution
		SolutionGuid = {AA3E7F53-F42C-4BFD-8A59-E5E3C268695C}
	EndGlobalSection
EndGlobal
